
Microsoft Visual Studio Solution File, Format Version 12.00
# Visual Studio 15
VisualStudioVersion = 15.0.26124.0
MinimumVisualStudioVersion = 15.0.26124.0
Project("{2150E333-8FDC-42A3-9474-1A3956D46DE8}") = "src", "src", "{9C53E1AA-CC04-4C9D-9198-0BB78BB9BBEA}"
EndProject
Project("{FAE04EC0-301F-11D3-BF4B-00C04F79EFBC}") = "TodoistRestApiClient", "src\TodoistRestApiClient\TodoistRestApiClient.csproj", "{E9E91087-860D-4C9A-B259-67FDDD4894A3}"
EndProject
Project("{2150E333-8FDC-42A3-9474-1A3956D46DE8}") = "tests", "tests", "{D3066FFF-87F9-41F9-95CE-0E3A66197F2F}"
EndProject
Project("{FAE04EC0-301F-11D3-BF4B-00C04F79EFBC}") = "TodoistRestApiClient.UnitTests", "tests\TodoistRestApiClient.UnitTests\TodoistRestApiClient.UnitTests.csproj", "{FC93A1EF-A1B0-4548-938A-C69EF2ABF1C0}"
EndProject
Project("{FAE04EC0-301F-11D3-BF4B-00C04F79EFBC}") = "TodoistRestApiClient.IntegrationTests", "tests\TodoistRestApiClient.IntegrationTests\TodoistRestApiClient.IntegrationTests.csproj", "{2ABD81F0-493D-4D4F-A91E-5D85AE3D2ECF}"
EndProject
Project("{2150E333-8FDC-42A3-9474-1A3956D46DE8}") = "samples", "samples", "{A744EB55-CB8F-4220-9D2C-9CC182445C86}"
EndProject
Project("{FAE04EC0-301F-11D3-BF4B-00C04F79EFBC}") = "TodoistRestApiClient.Sample", "samples\TodoistRestApiClient.Sample\TodoistRestApiClient.Sample.csproj", "{CCAE7541-B158-42F1-B730-B5980EBE3605}"
EndProject
Global
	GlobalSection(SolutionConfigurationPlatforms) = preSolution
		Debug|Any CPU = Debug|Any CPU
		Debug|x64 = Debug|x64
		Debug|x86 = Debug|x86
		Release|Any CPU = Release|Any CPU
		Release|x64 = Release|x64
		Release|x86 = Release|x86
	EndGlobalSection
	GlobalSection(SolutionProperties) = preSolution
		HideSolutionNode = FALSE
	EndGlobalSection
	GlobalSection(ProjectConfigurationPlatforms) = postSolution
		{E9E91087-860D-4C9A-B259-67FDDD4894A3}.Debug|Any CPU.ActiveCfg = Debug|Any CPU
		{E9E91087-860D-4C9A-B259-67FDDD4894A3}.Debug|Any CPU.Build.0 = Debug|Any CPU
		{E9E91087-860D-4C9A-B259-67FDDD4894A3}.Debug|x64.ActiveCfg = Debug|Any CPU
		{E9E91087-860D-4C9A-B259-67FDDD4894A3}.Debug|x64.Build.0 = Debug|Any CPU
		{E9E91087-860D-4C9A-B259-67FDDD4894A3}.Debug|x86.ActiveCfg = Debug|Any CPU
		{E9E91087-860D-4C9A-B259-67FDDD4894A3}.Debug|x86.Build.0 = Debug|Any CPU
		{E9E91087-860D-4C9A-B259-67FDDD4894A3}.Release|Any CPU.ActiveCfg = Release|Any CPU
		{E9E91087-860D-4C9A-B259-67FDDD4894A3}.Release|Any CPU.Build.0 = Release|Any CPU
		{E9E91087-860D-4C9A-B259-67FDDD4894A3}.Release|x64.ActiveCfg = Release|Any CPU
		{E9E91087-860D-4C9A-B259-67FDDD4894A3}.Release|x64.Build.0 = Release|Any CPU
		{E9E91087-860D-4C9A-B259-67FDDD4894A3}.Release|x86.ActiveCfg = Release|Any CPU
		{E9E91087-860D-4C9A-B259-67FDDD4894A3}.Release|x86.Build.0 = Release|Any CPU
		{FC93A1EF-A1B0-4548-938A-C69EF2ABF1C0}.Debug|Any CPU.ActiveCfg = Debug|Any CPU
		{FC93A1EF-A1B0-4548-938A-C69EF2ABF1C0}.Debug|Any CPU.Build.0 = Debug|Any CPU
		{FC93A1EF-A1B0-4548-938A-C69EF2ABF1C0}.Debug|x64.ActiveCfg = Debug|Any CPU
		{FC93A1EF-A1B0-4548-938A-C69EF2ABF1C0}.Debug|x64.Build.0 = Debug|Any CPU
		{FC93A1EF-A1B0-4548-938A-C69EF2ABF1C0}.Debug|x86.ActiveCfg = Debug|Any CPU
		{FC93A1EF-A1B0-4548-938A-C69EF2ABF1C0}.Debug|x86.Build.0 = Debug|Any CPU
		{FC93A1EF-A1B0-4548-938A-C69EF2ABF1C0}.Release|Any CPU.ActiveCfg = Release|Any CPU
		{FC93A1EF-A1B0-4548-938A-C69EF2ABF1C0}.Release|Any CPU.Build.0 = Release|Any CPU
		{FC93A1EF-A1B0-4548-938A-C69EF2ABF1C0}.Release|x64.ActiveCfg = Release|Any CPU
		{FC93A1EF-A1B0-4548-938A-C69EF2ABF1C0}.Release|x64.Build.0 = Release|Any CPU
		{FC93A1EF-A1B0-4548-938A-C69EF2ABF1C0}.Release|x86.ActiveCfg = Release|Any CPU
		{FC93A1EF-A1B0-4548-938A-C69EF2ABF1C0}.Release|x86.Build.0 = Release|Any CPU
		{2ABD81F0-493D-4D4F-A91E-5D85AE3D2ECF}.Debug|Any CPU.ActiveCfg = Debug|Any CPU
		{2ABD81F0-493D-4D4F-A91E-5D85AE3D2ECF}.Debug|Any CPU.Build.0 = Debug|Any CPU
		{2ABD81F0-493D-4D4F-A91E-5D85AE3D2ECF}.Debug|x64.ActiveCfg = Debug|Any CPU
		{2ABD81F0-493D-4D4F-A91E-5D85AE3D2ECF}.Debug|x64.Build.0 = Debug|Any CPU
		{2ABD81F0-493D-4D4F-A91E-5D85AE3D2ECF}.Debug|x86.ActiveCfg = Debug|Any CPU
		{2ABD81F0-493D-4D4F-A91E-5D85AE3D2ECF}.Debug|x86.Build.0 = Debug|Any CPU
		{2ABD81F0-493D-4D4F-A91E-5D85AE3D2ECF}.Release|Any CPU.ActiveCfg = Release|Any CPU
		{2ABD81F0-493D-4D4F-A91E-5D85AE3D2ECF}.Release|Any CPU.Build.0 = Release|Any CPU
		{2ABD81F0-493D-4D4F-A91E-5D85AE3D2ECF}.Release|x64.ActiveCfg = Release|Any CPU
		{2ABD81F0-493D-4D4F-A91E-5D85AE3D2ECF}.Release|x64.Build.0 = Release|Any CPU
		{2ABD81F0-493D-4D4F-A91E-5D85AE3D2ECF}.Release|x86.ActiveCfg = Release|Any CPU
		{2ABD81F0-493D-4D4F-A91E-5D85AE3D2ECF}.Release|x86.Build.0 = Release|Any CPU
		{CCAE7541-B158-42F1-B730-B5980EBE3605}.Debug|Any CPU.ActiveCfg = Debug|Any CPU
		{CCAE7541-B158-42F1-B730-B5980EBE3605}.Debug|Any CPU.Build.0 = Debug|Any CPU
		{CCAE7541-B158-42F1-B730-B5980EBE3605}.Debug|x64.ActiveCfg = Debug|Any CPU
		{CCAE7541-B158-42F1-B730-B5980EBE3605}.Debug|x64.Build.0 = Debug|Any CPU
		{CCAE7541-B158-42F1-B730-B5980EBE3605}.Debug|x86.ActiveCfg = Debug|Any CPU
		{CCAE7541-B158-42F1-B730-B5980EBE3605}.Debug|x86.Build.0 = Debug|Any CPU
		{CCAE7541-B158-42F1-B730-B5980EBE3605}.Release|Any CPU.ActiveCfg = Release|Any CPU
		{CCAE7541-B158-42F1-B730-B5980EBE3605}.Release|Any CPU.Build.0 = Release|Any CPU
		{CCAE7541-B158-42F1-B730-B5980EBE3605}.Release|x64.ActiveCfg = Release|Any CPU
		{CCAE7541-B158-42F1-B730-B5980EBE3605}.Release|x64.Build.0 = Release|Any CPU
		{CCAE7541-B158-42F1-B730-B5980EBE3605}.Release|x86.ActiveCfg = Release|Any CPU
		{CCAE7541-B158-42F1-B730-B5980EBE3605}.Release|x86.Build.0 = Release|Any CPU
	EndGlobalSection
	GlobalSection(NestedProjects) = preSolution
		{E9E91087-860D-4C9A-B259-67FDDD4894A3} = {9C53E1AA-CC04-4C9D-9198-0BB78BB9BBEA}
		{FC93A1EF-A1B0-4548-938A-C69EF2ABF1C0} = {D3066FFF-87F9-41F9-95CE-0E3A66197F2F}
		{2ABD81F0-493D-4D4F-A91E-5D85AE3D2ECF} = {D3066FFF-87F9-41F9-95CE-0E3A66197F2F}
		{CCAE7541-B158-42F1-B730-B5980EBE3605} = {A744EB55-CB8F-4220-9D2C-9CC182445C86}
	EndGlobalSection
EndGlobal
